
Microsoft Visual Studio Solution File, Format Version 12.00
# Visual Studio 15
VisualStudioVersion = 15.0.27004.2006
MinimumVisualStudioVersion = 10.0.40219.1
Project("{9A19103F-16F7-4668-BE54-9A1E7A4F7556}") = "Glimmer", "Glimmer\Glimmer.csproj", "{15F8084C-5359-48F9-98FB-34685E443864}"
EndProject
Project("{FAE04EC0-301F-11D3-BF4B-00C04F79EFBC}") = "CardGenerator", "CardGenerator\CardGenerator.csproj", "{D1F0D860-4768-4814-B110-49FEEF0F308E}"
EndProject
Global
	GlobalSection(SolutionConfigurationPlatforms) = preSolution
		Debug|Any CPU = Debug|Any CPU
		Release|Any CPU = Release|Any CPU
	EndGlobalSection
	GlobalSection(ProjectConfigurationPlatforms) = postSolution
		{15F8084C-5359-48F9-98FB-34685E443864}.Debug|Any CPU.ActiveCfg = Debug|Any CPU
		{15F8084C-5359-48F9-98FB-34685E443864}.Debug|Any CPU.Build.0 = Debug|Any CPU
		{15F8084C-5359-48F9-98FB-34685E443864}.Release|Any CPU.ActiveCfg = Release|Any CPU
		{15F8084C-5359-48F9-98FB-34685E443864}.Release|Any CPU.Build.0 = Release|Any CPU
		{D1F0D860-4768-4814-B110-49FEEF0F308E}.Debug|Any CPU.ActiveCfg = Debug|Any CPU
		{D1F0D860-4768-4814-B110-49FEEF0F308E}.Debug|Any CPU.Build.0 = Debug|Any CPU
		{D1F0D860-4768-4814-B110-49FEEF0F308E}.Release|Any CPU.ActiveCfg = Release|Any CPU
		{D1F0D860-4768-4814-B110-49FEEF0F308E}.Release|Any CPU.Build.0 = Release|Any CPU
	EndGlobalSection
	GlobalSection(SolutionProperties) = preSolution
		HideSolutionNode = FALSE
	EndGlobalSection
	GlobalSection(ExtensibilityGlobals) = postSolution
		SolutionGuid = {7F73AC8B-FC6B-4E33-9987-088397D32874}
	EndGlobalSection
EndGlobal
